
Microsoft Visual Studio Solution File, Format Version 12.00
# Visual Studio Version 16
VisualStudioVersion = 16.0.31205.134
MinimumVisualStudioVersion = 10.0.40219.1
Project("{9A19103F-16F7-4668-BE54-9A1E7A4F7556}") = "HastaBilgiSistemi.Shared", "HastaBilgiSistemi.Shared\HastaBilgiSistemi.Shared.csproj", "{38A4EAE4-B95C-4DA5-9676-692DA3E0DA33}"
EndProject
Project("{9A19103F-16F7-4668-BE54-9A1E7A4F7556}") = "HastaBilgiSistemi.Entities", "HastaBilgiSistemi.Entities\HastaBilgiSistemi.Entities.csproj", "{9526FEA2-6812-41CD-9B69-499629B84090}"
EndProject
Project("{9A19103F-16F7-4668-BE54-9A1E7A4F7556}") = "HastaBilgiSistemi.Data", "HastaBilgiSistemi.Data\HastaBilgiSistemi.Data.csproj", "{1B5B7AB8-A842-45E9-B46D-1630E675A4FA}"
EndProject
Project("{9A19103F-16F7-4668-BE54-9A1E7A4F7556}") = "HastaBilgiSistemi.Services", "HastaBilgiSistemi.Services\HastaBilgiSistemi.Services.csproj", "{D28A9E2D-A310-41AC-8ED2-D82083B867CA}"
EndProject
Project("{9A19103F-16F7-4668-BE54-9A1E7A4F7556}") = "HastaBilgiSistemi.App", "HastaBilgiSistemi.App\HastaBilgiSistemi.App.csproj", "{B80A9257-62CF-4019-9963-742C24965E59}"
EndProject
Global
	GlobalSection(SolutionConfigurationPlatforms) = preSolution
		Debug|Any CPU = Debug|Any CPU
		Release|Any CPU = Release|Any CPU
	EndGlobalSection
	GlobalSection(ProjectConfigurationPlatforms) = postSolution
		{38A4EAE4-B95C-4DA5-9676-692DA3E0DA33}.Debug|Any CPU.ActiveCfg = Debug|Any CPU
		{38A4EAE4-B95C-4DA5-9676-692DA3E0DA33}.Debug|Any CPU.Build.0 = Debug|Any CPU
		{38A4EAE4-B95C-4DA5-9676-692DA3E0DA33}.Release|Any CPU.ActiveCfg = Release|Any CPU
		{38A4EAE4-B95C-4DA5-9676-692DA3E0DA33}.Release|Any CPU.Build.0 = Release|Any CPU
		{9526FEA2-6812-41CD-9B69-499629B84090}.Debug|Any CPU.ActiveCfg = Debug|Any CPU
		{9526FEA2-6812-41CD-9B69-499629B84090}.Debug|Any CPU.Build.0 = Debug|Any CPU
		{9526FEA2-6812-41CD-9B69-499629B84090}.Release|Any CPU.ActiveCfg = Release|Any CPU
		{9526FEA2-6812-41CD-9B69-499629B84090}.Release|Any CPU.Build.0 = Release|Any CPU
		{1B5B7AB8-A842-45E9-B46D-1630E675A4FA}.Debug|Any CPU.ActiveCfg = Debug|Any CPU
		{1B5B7AB8-A842-45E9-B46D-1630E675A4FA}.Debug|Any CPU.Build.0 = Debug|Any CPU
		{1B5B7AB8-A842-45E9-B46D-1630E675A4FA}.Release|Any CPU.ActiveCfg = Release|Any CPU
		{1B5B7AB8-A842-45E9-B46D-1630E675A4FA}.Release|Any CPU.Build.0 = Release|Any CPU
		{D28A9E2D-A310-41AC-8ED2-D82083B867CA}.Debug|Any CPU.ActiveCfg = Debug|Any CPU
		{D28A9E2D-A310-41AC-8ED2-D82083B867CA}.Debug|Any CPU.Build.0 = Debug|Any CPU
		{D28A9E2D-A310-41AC-8ED2-D82083B867CA}.Release|Any CPU.ActiveCfg = Release|Any CPU
		{D28A9E2D-A310-41AC-8ED2-D82083B867CA}.Release|Any CPU.Build.0 = Release|Any CPU
		{B80A9257-62CF-4019-9963-742C24965E59}.Debug|Any CPU.ActiveCfg = Debug|Any CPU
		{B80A9257-62CF-4019-9963-742C24965E59}.Debug|Any CPU.Build.0 = Debug|Any CPU
		{B80A9257-62CF-4019-9963-742C24965E59}.Release|Any CPU.ActiveCfg = Release|Any CPU
		{B80A9257-62CF-4019-9963-742C24965E59}.Release|Any CPU.Build.0 = Release|Any CPU
	EndGlobalSection
	GlobalSection(SolutionProperties) = preSolution
		HideSolutionNode = FALSE
	EndGlobalSection
	GlobalSection(ExtensibilityGlobals) = postSolution
		SolutionGuid = {7C971566-6222-48C0-810F-464993DC0463}
	EndGlobalSection
EndGlobal
